
Microsoft Visual Studio Solution File, Format Version 12.00
# Visual Studio 15
VisualStudioVersion = 15.0.28010.2003
MinimumVisualStudioVersion = 10.0.40219.1
Project("{FAE04EC0-301F-11D3-BF4B-00C04F79EFBC}") = "Web", "Web\Web.csproj", "{932B04A4-370A-42DB-9EDB-4E66E645EFA2}"
EndProject
Project("{2150E333-8FDC-42A3-9474-1A3956D46DE8}") = "Database", "Database", "{FD4F9110-EB90-4ACF-B894-53B3349D8A59}"
EndProject
Project("{2150E333-8FDC-42A3-9474-1A3956D46DE8}") = "DomainModel", "DomainModel", "{9E073B20-32C3-4431-A5A2-E6171C013EC6}"
EndProject
Project("{2150E333-8FDC-42A3-9474-1A3956D46DE8}") = "Infrastructure", "Infrastructure", "{6D93267A-90D8-4E2B-BE8D-88F901E13549}"
EndProject
Project("{2150E333-8FDC-42A3-9474-1A3956D46DE8}") = "Orchestrator", "Orchestrator", "{8835E611-B8B7-4903-8550-B20417DF1B07}"
EndProject
Project("{2150E333-8FDC-42A3-9474-1A3956D46DE8}") = "Repository", "Repository", "{5B77508F-C675-4EF0-B64D-766CFD4EC114}"
EndProject
Project("{2150E333-8FDC-42A3-9474-1A3956D46DE8}") = "Service", "Service", "{4B6A9C6F-94BE-475C-AFF0-5624795FD75C}"
EndProject
Project("{FAE04EC0-301F-11D3-BF4B-00C04F79EFBC}") = "DomainModel", "DomainModel\DomainModel\DomainModel.csproj", "{BFCF8967-CEE4-47AE-89B3-F435AE05AE09}"
EndProject
Project("{FAE04EC0-301F-11D3-BF4B-00C04F79EFBC}") = "OrchestratorConcrete", "Orchestrator\OrchestratorConcrete\OrchestratorConcrete.csproj", "{986397C2-AF50-4702-BF76-2082F9F95E6F}"
EndProject
Project("{FAE04EC0-301F-11D3-BF4B-00C04F79EFBC}") = "OrchestratorInterface", "Orchestrator\OrchestratorInterface\OrchestratorInterface.csproj", "{4E03DBBB-5A82-4C9B-890F-E98807F1B182}"
EndProject
Project("{FAE04EC0-301F-11D3-BF4B-00C04F79EFBC}") = "Repository", "Repository\Repository\Repository.csproj", "{AFC42D8A-1EFB-4A35-99A4-80A2AAA96EEB}"
EndProject
Project("{FAE04EC0-301F-11D3-BF4B-00C04F79EFBC}") = "ServiceConcrete", "Service\ServiceConcrete\ServiceConcrete.csproj", "{F16A70B4-908A-49C5-846F-AB8502CC1B24}"
EndProject
Project("{FAE04EC0-301F-11D3-BF4B-00C04F79EFBC}") = "ServiceInterface", "Service\ServiceInterface\ServiceInterface.csproj", "{F4372A31-B768-4637-AC1F-D48671BBBED0}"
EndProject
Project("{FAE04EC0-301F-11D3-BF4B-00C04F79EFBC}") = "CrossCutting", "Infrastructure\CrossCutting\CrossCutting.csproj", "{FDD792B0-95F3-4155-A99C-6A83B5176F4B}"
EndProject
Project("{FAE04EC0-301F-11D3-BF4B-00C04F79EFBC}") = "DependencyInjecionResolver", "Infrastructure\DependencyInjecionResolver\DependencyInjecionResolver.csproj", "{A0B6F618-C54E-4286-9C1C-8890CF7AF738}"
EndProject
Project("{2150E333-8FDC-42A3-9474-1A3956D46DE8}") = "WindowsService", "WindowsService", "{1C9AAA82-A177-4F71-B145-8C3A18788217}"
EndProject
Project("{FAE04EC0-301F-11D3-BF4B-00C04F79EFBC}") = "WindowService", "WindowService\WindowService.csproj", "{0A9B84BC-3CBC-4B9B-8ABD-4A6CF13E5A65}"
EndProject
Project("{2150E333-8FDC-42A3-9474-1A3956D46DE8}") = "Test", "Test", "{04F4B50A-B89D-476D-894B-E83E697ADC0C}"
EndProject
Project("{FAE04EC0-301F-11D3-BF4B-00C04F79EFBC}") = "ServiceLayerTest", "Test\ServiceLayerTest\ServiceLayerTest.csproj", "{CCE66C0D-BB92-48B4-97DE-F6180464609D}"
EndProject
Project("{FAE04EC0-301F-11D3-BF4B-00C04F79EFBC}") = "OrchestratorTest", "Test\OrchestratorTest\OrchestratorTest.csproj", "{3268AF53-93F3-4B4A-9561-9690A4EE7192}"
EndProject
Project("{FAE04EC0-301F-11D3-BF4B-00C04F79EFBC}") = "ControllerTest", "Test\ControllerTest\ControllerTest.csproj", "{DFDFAB5A-B94A-4B7B-B57E-3CEC5ABBE380}"
EndProject
Project("{2150E333-8FDC-42A3-9474-1A3956D46DE8}") = "BaseScript", "BaseScript", "{D3F70D23-0D06-408F-9768-A5B54791118C}"
	ProjectSection(SolutionItems) = preProject
		Database\BaseScript\BaseScript.sql = Database\BaseScript\BaseScript.sql
		Database\BaseScript\BaseScript1.sql = Database\BaseScript\BaseScript1.sql
	EndProjectSection
EndProject
Project("{2150E333-8FDC-42A3-9474-1A3956D46DE8}") = "FileEncryption", "FileEncryption", "{872EBCEF-7668-48AB-93D1-85A6F5BFDB2E}"
EndProject
Project("{00D1A9C2-B5F0-4AF3-8072-F6C62B433612}") = "FileEncryption", "Database\FileEncryption\FileEncryption.sqlproj", "{EC14D4E3-F7ED-4DE1-849C-8396BDCB53D6}"
EndProject
Project("{2150E333-8FDC-42A3-9474-1A3956D46DE8}") = "SQL Comparator", "SQL Comparator", "{774A3ABE-B74F-4836-BC93-9788A5DF6E94}"
	ProjectSection(SolutionItems) = preProject
		Database\SQL Comparator\LocalToProjectSqlSchemaCompare.scmp = Database\SQL Comparator\LocalToProjectSqlSchemaCompare.scmp
	EndProjectSection
EndProject
Project("{FAE04EC0-301F-11D3-BF4B-00C04F79EFBC}") = "WebCore", "WebCore\WebCore.csproj", "{0E843FFC-9BDB-498E-8985-25C691DEA655}"
EndProject
Project("{F088123C-0E9E-452A-89E6-6BA2F21D5CAC}") = "ModelingProject1", "ModelingProject1\ModelingProject1.modelproj", "{D01A878E-2A39-466A-A3E4-E3999F114D2C}"
EndProject
Project("{FAE04EC0-301F-11D3-BF4B-00C04F79EFBC}") = "ServerStatusChecker", "ServerStatusChecker\ServerStatusChecker.csproj", "{CECF6B40-30B1-4DF1-8855-815267A79F16}"
EndProject
Project("{FAE04EC0-301F-11D3-BF4B-00C04F79EFBC}") = "ServerAvailabilityChecker", "ServerAvailabilityChecker\ServerAvailabilityChecker.csproj", "{A067F3A0-8D54-473E-8EA9-DD20B6F2B87B}"
EndProject
Global
	GlobalSection(SolutionConfigurationPlatforms) = preSolution
		Debug|Any CPU = Debug|Any CPU
		Release|Any CPU = Release|Any CPU
	EndGlobalSection
	GlobalSection(ProjectConfigurationPlatforms) = postSolution
		{932B04A4-370A-42DB-9EDB-4E66E645EFA2}.Debug|Any CPU.ActiveCfg = Debug|Any CPU
		{932B04A4-370A-42DB-9EDB-4E66E645EFA2}.Debug|Any CPU.Build.0 = Debug|Any CPU
		{932B04A4-370A-42DB-9EDB-4E66E645EFA2}.Release|Any CPU.ActiveCfg = Release|Any CPU
		{932B04A4-370A-42DB-9EDB-4E66E645EFA2}.Release|Any CPU.Build.0 = Release|Any CPU
		{BFCF8967-CEE4-47AE-89B3-F435AE05AE09}.Debug|Any CPU.ActiveCfg = Debug|Any CPU
		{BFCF8967-CEE4-47AE-89B3-F435AE05AE09}.Debug|Any CPU.Build.0 = Debug|Any CPU
		{BFCF8967-CEE4-47AE-89B3-F435AE05AE09}.Release|Any CPU.ActiveCfg = Release|Any CPU
		{BFCF8967-CEE4-47AE-89B3-F435AE05AE09}.Release|Any CPU.Build.0 = Release|Any CPU
		{986397C2-AF50-4702-BF76-2082F9F95E6F}.Debug|Any CPU.ActiveCfg = Debug|Any CPU
		{986397C2-AF50-4702-BF76-2082F9F95E6F}.Debug|Any CPU.Build.0 = Debug|Any CPU
		{986397C2-AF50-4702-BF76-2082F9F95E6F}.Release|Any CPU.ActiveCfg = Release|Any CPU
		{986397C2-AF50-4702-BF76-2082F9F95E6F}.Release|Any CPU.Build.0 = Release|Any CPU
		{4E03DBBB-5A82-4C9B-890F-E98807F1B182}.Debug|Any CPU.ActiveCfg = Debug|Any CPU
		{4E03DBBB-5A82-4C9B-890F-E98807F1B182}.Debug|Any CPU.Build.0 = Debug|Any CPU
		{4E03DBBB-5A82-4C9B-890F-E98807F1B182}.Release|Any CPU.ActiveCfg = Release|Any CPU
		{4E03DBBB-5A82-4C9B-890F-E98807F1B182}.Release|Any CPU.Build.0 = Release|Any CPU
		{AFC42D8A-1EFB-4A35-99A4-80A2AAA96EEB}.Debug|Any CPU.ActiveCfg = Debug|Any CPU
		{AFC42D8A-1EFB-4A35-99A4-80A2AAA96EEB}.Debug|Any CPU.Build.0 = Debug|Any CPU
		{AFC42D8A-1EFB-4A35-99A4-80A2AAA96EEB}.Release|Any CPU.ActiveCfg = Release|Any CPU
		{AFC42D8A-1EFB-4A35-99A4-80A2AAA96EEB}.Release|Any CPU.Build.0 = Release|Any CPU
		{F16A70B4-908A-49C5-846F-AB8502CC1B24}.Debug|Any CPU.ActiveCfg = Debug|Any CPU
		{F16A70B4-908A-49C5-846F-AB8502CC1B24}.Debug|Any CPU.Build.0 = Debug|Any CPU
		{F16A70B4-908A-49C5-846F-AB8502CC1B24}.Release|Any CPU.ActiveCfg = Release|Any CPU
		{F16A70B4-908A-49C5-846F-AB8502CC1B24}.Release|Any CPU.Build.0 = Release|Any CPU
		{F4372A31-B768-4637-AC1F-D48671BBBED0}.Debug|Any CPU.ActiveCfg = Debug|Any CPU
		{F4372A31-B768-4637-AC1F-D48671BBBED0}.Debug|Any CPU.Build.0 = Debug|Any CPU
		{F4372A31-B768-4637-AC1F-D48671BBBED0}.Release|Any CPU.ActiveCfg = Release|Any CPU
		{F4372A31-B768-4637-AC1F-D48671BBBED0}.Release|Any CPU.Build.0 = Release|Any CPU
		{FDD792B0-95F3-4155-A99C-6A83B5176F4B}.Debug|Any CPU.ActiveCfg = Debug|Any CPU
		{FDD792B0-95F3-4155-A99C-6A83B5176F4B}.Debug|Any CPU.Build.0 = Debug|Any CPU
		{FDD792B0-95F3-4155-A99C-6A83B5176F4B}.Release|Any CPU.ActiveCfg = Release|Any CPU
		{FDD792B0-95F3-4155-A99C-6A83B5176F4B}.Release|Any CPU.Build.0 = Release|Any CPU
		{A0B6F618-C54E-4286-9C1C-8890CF7AF738}.Debug|Any CPU.ActiveCfg = Debug|Any CPU
		{A0B6F618-C54E-4286-9C1C-8890CF7AF738}.Debug|Any CPU.Build.0 = Debug|Any CPU
		{A0B6F618-C54E-4286-9C1C-8890CF7AF738}.Release|Any CPU.ActiveCfg = Release|Any CPU
		{A0B6F618-C54E-4286-9C1C-8890CF7AF738}.Release|Any CPU.Build.0 = Release|Any CPU
		{0A9B84BC-3CBC-4B9B-8ABD-4A6CF13E5A65}.Debug|Any CPU.ActiveCfg = Debug|Any CPU
		{0A9B84BC-3CBC-4B9B-8ABD-4A6CF13E5A65}.Debug|Any CPU.Build.0 = Debug|Any CPU
		{0A9B84BC-3CBC-4B9B-8ABD-4A6CF13E5A65}.Release|Any CPU.ActiveCfg = Release|Any CPU
		{0A9B84BC-3CBC-4B9B-8ABD-4A6CF13E5A65}.Release|Any CPU.Build.0 = Release|Any CPU
		{CCE66C0D-BB92-48B4-97DE-F6180464609D}.Debug|Any CPU.ActiveCfg = Debug|Any CPU
		{CCE66C0D-BB92-48B4-97DE-F6180464609D}.Debug|Any CPU.Build.0 = Debug|Any CPU
		{CCE66C0D-BB92-48B4-97DE-F6180464609D}.Release|Any CPU.ActiveCfg = Release|Any CPU
		{CCE66C0D-BB92-48B4-97DE-F6180464609D}.Release|Any CPU.Build.0 = Release|Any CPU
		{3268AF53-93F3-4B4A-9561-9690A4EE7192}.Debug|Any CPU.ActiveCfg = Debug|Any CPU
		{3268AF53-93F3-4B4A-9561-9690A4EE7192}.Debug|Any CPU.Build.0 = Debug|Any CPU
		{3268AF53-93F3-4B4A-9561-9690A4EE7192}.Release|Any CPU.ActiveCfg = Release|Any CPU
		{3268AF53-93F3-4B4A-9561-9690A4EE7192}.Release|Any CPU.Build.0 = Release|Any CPU
		{DFDFAB5A-B94A-4B7B-B57E-3CEC5ABBE380}.Debug|Any CPU.ActiveCfg = Debug|Any CPU
		{DFDFAB5A-B94A-4B7B-B57E-3CEC5ABBE380}.Debug|Any CPU.Build.0 = Debug|Any CPU
		{DFDFAB5A-B94A-4B7B-B57E-3CEC5ABBE380}.Release|Any CPU.ActiveCfg = Release|Any CPU
		{DFDFAB5A-B94A-4B7B-B57E-3CEC5ABBE380}.Release|Any CPU.Build.0 = Release|Any CPU
		{EC14D4E3-F7ED-4DE1-849C-8396BDCB53D6}.Debug|Any CPU.ActiveCfg = Debug|Any CPU
		{EC14D4E3-F7ED-4DE1-849C-8396BDCB53D6}.Debug|Any CPU.Build.0 = Debug|Any CPU
		{EC14D4E3-F7ED-4DE1-849C-8396BDCB53D6}.Debug|Any CPU.Deploy.0 = Debug|Any CPU
		{EC14D4E3-F7ED-4DE1-849C-8396BDCB53D6}.Release|Any CPU.ActiveCfg = Release|Any CPU
		{EC14D4E3-F7ED-4DE1-849C-8396BDCB53D6}.Release|Any CPU.Build.0 = Release|Any CPU
		{EC14D4E3-F7ED-4DE1-849C-8396BDCB53D6}.Release|Any CPU.Deploy.0 = Release|Any CPU
		{0E843FFC-9BDB-498E-8985-25C691DEA655}.Debug|Any CPU.ActiveCfg = Debug|Any CPU
		{0E843FFC-9BDB-498E-8985-25C691DEA655}.Debug|Any CPU.Build.0 = Debug|Any CPU
		{0E843FFC-9BDB-498E-8985-25C691DEA655}.Release|Any CPU.ActiveCfg = Release|Any CPU
		{0E843FFC-9BDB-498E-8985-25C691DEA655}.Release|Any CPU.Build.0 = Release|Any CPU
		{D01A878E-2A39-466A-A3E4-E3999F114D2C}.Debug|Any CPU.ActiveCfg = Debug|Any CPU
		{D01A878E-2A39-466A-A3E4-E3999F114D2C}.Debug|Any CPU.Build.0 = Debug|Any CPU
		{D01A878E-2A39-466A-A3E4-E3999F114D2C}.Release|Any CPU.ActiveCfg = Release|Any CPU
		{D01A878E-2A39-466A-A3E4-E3999F114D2C}.Release|Any CPU.Build.0 = Release|Any CPU
		{CECF6B40-30B1-4DF1-8855-815267A79F16}.Debug|Any CPU.ActiveCfg = Debug|Any CPU
		{CECF6B40-30B1-4DF1-8855-815267A79F16}.Debug|Any CPU.Build.0 = Debug|Any CPU
		{CECF6B40-30B1-4DF1-8855-815267A79F16}.Release|Any CPU.ActiveCfg = Release|Any CPU
		{CECF6B40-30B1-4DF1-8855-815267A79F16}.Release|Any CPU.Build.0 = Release|Any CPU
		{A067F3A0-8D54-473E-8EA9-DD20B6F2B87B}.Debug|Any CPU.ActiveCfg = Debug|Any CPU
		{A067F3A0-8D54-473E-8EA9-DD20B6F2B87B}.Debug|Any CPU.Build.0 = Debug|Any CPU
		{A067F3A0-8D54-473E-8EA9-DD20B6F2B87B}.Release|Any CPU.ActiveCfg = Release|Any CPU
		{A067F3A0-8D54-473E-8EA9-DD20B6F2B87B}.Release|Any CPU.Build.0 = Release|Any CPU
	EndGlobalSection
	GlobalSection(SolutionProperties) = preSolution
		HideSolutionNode = FALSE
	EndGlobalSection
	GlobalSection(NestedProjects) = preSolution
		{BFCF8967-CEE4-47AE-89B3-F435AE05AE09} = {9E073B20-32C3-4431-A5A2-E6171C013EC6}
		{986397C2-AF50-4702-BF76-2082F9F95E6F} = {8835E611-B8B7-4903-8550-B20417DF1B07}
		{4E03DBBB-5A82-4C9B-890F-E98807F1B182} = {8835E611-B8B7-4903-8550-B20417DF1B07}
		{AFC42D8A-1EFB-4A35-99A4-80A2AAA96EEB} = {5B77508F-C675-4EF0-B64D-766CFD4EC114}
		{F16A70B4-908A-49C5-846F-AB8502CC1B24} = {4B6A9C6F-94BE-475C-AFF0-5624795FD75C}
		{F4372A31-B768-4637-AC1F-D48671BBBED0} = {4B6A9C6F-94BE-475C-AFF0-5624795FD75C}
		{FDD792B0-95F3-4155-A99C-6A83B5176F4B} = {6D93267A-90D8-4E2B-BE8D-88F901E13549}
		{A0B6F618-C54E-4286-9C1C-8890CF7AF738} = {6D93267A-90D8-4E2B-BE8D-88F901E13549}
		{0A9B84BC-3CBC-4B9B-8ABD-4A6CF13E5A65} = {1C9AAA82-A177-4F71-B145-8C3A18788217}
		{CCE66C0D-BB92-48B4-97DE-F6180464609D} = {04F4B50A-B89D-476D-894B-E83E697ADC0C}
		{3268AF53-93F3-4B4A-9561-9690A4EE7192} = {04F4B50A-B89D-476D-894B-E83E697ADC0C}
		{DFDFAB5A-B94A-4B7B-B57E-3CEC5ABBE380} = {04F4B50A-B89D-476D-894B-E83E697ADC0C}
		{D3F70D23-0D06-408F-9768-A5B54791118C} = {FD4F9110-EB90-4ACF-B894-53B3349D8A59}
		{872EBCEF-7668-48AB-93D1-85A6F5BFDB2E} = {FD4F9110-EB90-4ACF-B894-53B3349D8A59}
		{EC14D4E3-F7ED-4DE1-849C-8396BDCB53D6} = {872EBCEF-7668-48AB-93D1-85A6F5BFDB2E}
		{774A3ABE-B74F-4836-BC93-9788A5DF6E94} = {FD4F9110-EB90-4ACF-B894-53B3349D8A59}
		{CECF6B40-30B1-4DF1-8855-815267A79F16} = {1C9AAA82-A177-4F71-B145-8C3A18788217}
		{A067F3A0-8D54-473E-8EA9-DD20B6F2B87B} = {1C9AAA82-A177-4F71-B145-8C3A18788217}
	EndGlobalSection
	GlobalSection(ExtensibilityGlobals) = postSolution
		SolutionGuid = {DB4584F0-C739-4A89-9EED-D49192441C8B}
	EndGlobalSection
EndGlobal
